
Microsoft Visual Studio Solution File, Format Version 12.00
# Visual Studio Version 17
VisualStudioVersion = 17.11.35219.272
MinimumVisualStudioVersion = 10.0.40219.1
Project("{FAE04EC0-301F-11D3-BF4B-00C04F79EFBC}") = "DotNetPlaywright", "DotNetPlaywright.csproj", "{6C3AE914-E959-4182-B920-DD5058A9B374}"
EndProject
Global
	GlobalSection(SolutionConfigurationPlatforms) = preSolution
		Debug|Any CPU = Debug|Any CPU
		Release|Any CPU = Release|Any CPU
	EndGlobalSection
	GlobalSection(ProjectConfigurationPlatforms) = postSolution
		{6C3AE914-E959-4182-B920-DD5058A9B374}.Debug|Any CPU.ActiveCfg = Debug|Any CPU
		{6C3AE914-E959-4182-B920-DD5058A9B374}.Debug|Any CPU.Build.0 = Debug|Any CPU
		{6C3AE914-E959-4182-B920-DD5058A9B374}.Release|Any CPU.ActiveCfg = Release|Any CPU
		{6C3AE914-E959-4182-B920-DD5058A9B374}.Release|Any CPU.Build.0 = Release|Any CPU
	EndGlobalSection
	GlobalSection(SolutionProperties) = preSolution
		HideSolutionNode = FALSE
	EndGlobalSection
	GlobalSection(ExtensibilityGlobals) = postSolution
		SolutionGuid = {323B5847-C6BC-4F3C-AE56-D82E15BD9989}
	EndGlobalSection
EndGlobal
